
Microsoft Visual Studio Solution File, Format Version 12.00
# Visual Studio 15
VisualStudioVersion = 15.0.27705.2000
MinimumVisualStudioVersion = 10.0.40219.1
Project("{FAE04EC0-301F-11D3-BF4B-00C04F79EFBC}") = "SignalRSample", "SignalRSample\SignalRSample.csproj", "{349D61F0-FD95-477A-B3C7-8D9D57236108}"
EndProject
Global
	GlobalSection(SolutionConfigurationPlatforms) = preSolution
		Debug|Any CPU = Debug|Any CPU
		Release|Any CPU = Release|Any CPU
	EndGlobalSection
	GlobalSection(ProjectConfigurationPlatforms) = postSolution
		{349D61F0-FD95-477A-B3C7-8D9D57236108}.Debug|Any CPU.ActiveCfg = Debug|Any CPU
		{349D61F0-FD95-477A-B3C7-8D9D57236108}.Debug|Any CPU.Build.0 = Debug|Any CPU
		{349D61F0-FD95-477A-B3C7-8D9D57236108}.Release|Any CPU.ActiveCfg = Release|Any CPU
		{349D61F0-FD95-477A-B3C7-8D9D57236108}.Release|Any CPU.Build.0 = Release|Any CPU
	EndGlobalSection
	GlobalSection(SolutionProperties) = preSolution
		HideSolutionNode = FALSE
	EndGlobalSection
	GlobalSection(ExtensibilityGlobals) = postSolution
		SolutionGuid = {F6698195-2947-4340-B532-3A06BD90E5EB}
	EndGlobalSection
EndGlobal
